// !$*UTF8*$!
{
	archiveVersion = 1;
	classes = {
	};
	objectVersion = 52;
	objects = {

/* Begin PBXBuildFile section */
		F0070C1D2656469700626EFB /* BrowseView.swift in Sources */ = {isa = PBXBuildFile; fileRef = F0070C1C2656469700626EFB /* BrowseView.swift */; };
		F0070C1F265651A600626EFB /* SettingsView.swift in Sources */ = {isa = PBXBuildFile; fileRef = F0070C1E265651A600626EFB /* SettingsView.swift */; };
		F037825E2638478300779801 /* HomeView.swift in Sources */ = {isa = PBXBuildFile; fileRef = F037825D2638478300779801 /* HomeView.swift */; };
		F041F48F2691BC9D00455881 /* ColorExtension.swift in Sources */ = {isa = PBXBuildFile; fileRef = F041F48E2691BC9D00455881 /* ColorExtension.swift */; };
		F05C69842699B9B3001AF91C /* Launch Screen.storyboard in Resources */ = {isa = PBXBuildFile; fileRef = F05C69832699B9B3001AF91C /* Launch Screen.storyboard */; };
		F0623FCB2637554F007C068A /* MainTabView.swift in Sources */ = {isa = PBXBuildFile; fileRef = F0623FCA2637554F007C068A /* MainTabView.swift */; };
		F063BF13265ADC9000D9AD35 /* DreamView.swift in Sources */ = {isa = PBXBuildFile; fileRef = F063BF12265ADC9000D9AD35 /* DreamView.swift */; };
		F08B45FB2693902C001133D7 /* FullDreamView.swift in Sources */ = {isa = PBXBuildFile; fileRef = F08B45FA2693902C001133D7 /* FullDreamView.swift */; };
		F09AFE2226281A95002F111D /* AppDelegate.swift in Sources */ = {isa = PBXBuildFile; fileRef = F09AFE2126281A95002F111D /* AppDelegate.swift */; };
		F09AFE2426281A95002F111D /* SceneDelegate.swift in Sources */ = {isa = PBXBuildFile; fileRef = F09AFE2326281A95002F111D /* SceneDelegate.swift */; };
		F09AFE2626281A95002F111D /* LoginView.swift in Sources */ = {isa = PBXBuildFile; fileRef = F09AFE2526281A95002F111D /* LoginView.swift */; };
		F09AFE2826281A96002F111D /* Assets.xcassets in Resources */ = {isa = PBXBuildFile; fileRef = F09AFE2726281A96002F111D /* Assets.xcassets */; };
		F09AFE2B26281A96002F111D /* Preview Assets.xcassets in Resources */ = {isa = PBXBuildFile; fileRef = F09AFE2A26281A96002F111D /* Preview Assets.xcassets */; };
		F09AFE2E26281A96002F111D /* LaunchScreen.storyboard in Resources */ = {isa = PBXBuildFile; fileRef = F09AFE2C26281A96002F111D /* LaunchScreen.storyboard */; };
		F0BFCF21268327BA00B6CF72 /* DreamModel.swift in Sources */ = {isa = PBXBuildFile; fileRef = F0BFCF20268327BA00B6CF72 /* DreamModel.swift */; };
		F0BFCF2426833F0D00B6CF72 /* DreamCellViewModel.swift in Sources */ = {isa = PBXBuildFile; fileRef = F0BFCF2326833F0D00B6CF72 /* DreamCellViewModel.swift */; };
		F0BFCF26268340A400B6CF72 /* DreamListViewModel.swift in Sources */ = {isa = PBXBuildFile; fileRef = F0BFCF25268340A400B6CF72 /* DreamListViewModel.swift */; };
		F0BFCF28268355BD00B6CF72 /* GoogleService-Info.plist in Resources */ = {isa = PBXBuildFile; fileRef = F0BFCF27268355BD00B6CF72 /* GoogleService-Info.plist */; };
		F0D5057F269224ED00DB002B /* UIApplicationExtension.swift in Sources */ = {isa = PBXBuildFile; fileRef = F0D5057E269224ED00DB002B /* UIApplicationExtension.swift */; };
		F0E1A4EE26820C99003BFE20 /* AddDreamView.swift in Sources */ = {isa = PBXBuildFile; fileRef = F0E1A4ED26820C99003BFE20 /* AddDreamView.swift */; };
		F0F3E76A262DD2E800A9C085 /* RegisterView.swift in Sources */ = {isa = PBXBuildFile; fileRef = F0F3E769262DD2E800A9C085 /* RegisterView.swift */; };
		F0F9C92E2683773E009B8FB4 /* FirebaseAuth in Frameworks */ = {isa = PBXBuildFile; productRef = F0F9C92D2683773E009B8FB4 /* FirebaseAuth */; };
		F0F9C9302683773E009B8FB4 /* FirebaseFirestore in Frameworks */ = {isa = PBXBuildFile; productRef = F0F9C92F2683773E009B8FB4 /* FirebaseFirestore */; };
		F0F9C9322683773E009B8FB4 /* FirebaseFirestoreSwift-Beta in Frameworks */ = {isa = PBXBuildFile; productRef = F0F9C9312683773E009B8FB4 /* FirebaseFirestoreSwift-Beta */; };
		F0F9C93426837BBA009B8FB4 /* DreamRepository.swift in Sources */ = {isa = PBXBuildFile; fileRef = F0F9C93326837BBA009B8FB4 /* DreamRepository.swift */; };
/* End PBXBuildFile section */

/* Begin PBXFileReference section */
		F0070C1C2656469700626EFB /* BrowseView.swift */ = {isa = PBXFileReference; lastKnownFileType = sourcecode.swift; path = BrowseView.swift; sourceTree = "<group>"; };
		F0070C1E265651A600626EFB /* SettingsView.swift */ = {isa = PBXFileReference; lastKnownFileType = sourcecode.swift; path = SettingsView.swift; sourceTree = "<group>"; };
		F037825D2638478300779801 /* HomeView.swift */ = {isa = PBXFileReference; lastKnownFileType = sourcecode.swift; path = HomeView.swift; sourceTree = "<group>"; };
		F041F48E2691BC9D00455881 /* ColorExtension.swift */ = {isa = PBXFileReference; lastKnownFileType = sourcecode.swift; path = ColorExtension.swift; sourceTree = "<group>"; };
		F05C69832699B9B3001AF91C /* Launch Screen.storyboard */ = {isa = PBXFileReference; lastKnownFileType = file.storyboard; path = "Launch Screen.storyboard"; sourceTree = "<group>"; };
		F0623FCA2637554F007C068A /* MainTabView.swift */ = {isa = PBXFileReference; lastKnownFileType = sourcecode.swift; path = MainTabView.swift; sourceTree = "<group>"; };
		F063BF12265ADC9000D9AD35 /* DreamView.swift */ = {isa = PBXFileReference; lastKnownFileType = sourcecode.swift; path = DreamView.swift; sourceTree = "<group>"; };
		F08B45FA2693902C001133D7 /* FullDreamView.swift */ = {isa = PBXFileReference; lastKnownFileType = sourcecode.swift; path = FullDreamView.swift; sourceTree = "<group>"; };
		F09AFE1E26281A95002F111D /* DreamCatcher.app */ = {isa = PBXFileReference; explicitFileType = wrapper.application; includeInIndex = 0; path = DreamCatcher.app; sourceTree = BUILT_PRODUCTS_DIR; };
		F09AFE2126281A95002F111D /* AppDelegate.swift */ = {isa = PBXFileReference; lastKnownFileType = sourcecode.swift; path = AppDelegate.swift; sourceTree = "<group>"; };
		F09AFE2326281A95002F111D /* SceneDelegate.swift */ = {isa = PBXFileReference; lastKnownFileType = sourcecode.swift; path = SceneDelegate.swift; sourceTree = "<group>"; };
		F09AFE2526281A95002F111D /* LoginView.swift */ = {isa = PBXFileReference; lastKnownFileType = sourcecode.swift; path = LoginView.swift; sourceTree = "<group>"; };
		F09AFE2726281A96002F111D /* Assets.xcassets */ = {isa = PBXFileReference; lastKnownFileType = folder.assetcatalog; path = Assets.xcassets; sourceTree = "<group>"; };
		F09AFE2A26281A96002F111D /* Preview Assets.xcassets */ = {isa = PBXFileReference; lastKnownFileType = folder.assetcatalog; path = "Preview Assets.xcassets"; sourceTree = "<group>"; };
		F09AFE2D26281A96002F111D /* Base */ = {isa = PBXFileReference; lastKnownFileType = file.storyboard; name = Base; path = Base.lproj/LaunchScreen.storyboard; sourceTree = "<group>"; };
		F09AFE2F26281A96002F111D /* Info.plist */ = {isa = PBXFileReference; lastKnownFileType = text.plist.xml; path = Info.plist; sourceTree = "<group>"; };
		F0BFCF20268327BA00B6CF72 /* DreamModel.swift */ = {isa = PBXFileReference; lastKnownFileType = sourcecode.swift; path = DreamModel.swift; sourceTree = "<group>"; };
		F0BFCF2326833F0D00B6CF72 /* DreamCellViewModel.swift */ = {isa = PBXFileReference; lastKnownFileType = sourcecode.swift; path = DreamCellViewModel.swift; sourceTree = "<group>"; };
		F0BFCF25268340A400B6CF72 /* DreamListViewModel.swift */ = {isa = PBXFileReference; lastKnownFileType = sourcecode.swift; path = DreamListViewModel.swift; sourceTree = "<group>"; };
		F0BFCF27268355BD00B6CF72 /* GoogleService-Info.plist */ = {isa = PBXFileReference; fileEncoding = 4; lastKnownFileType = text.plist.xml; name = "GoogleService-Info.plist"; path = "../../../../Downloads/GoogleService-Info.plist"; sourceTree = "<group>"; };
		F0D5057E269224ED00DB002B /* UIApplicationExtension.swift */ = {isa = PBXFileReference; lastKnownFileType = sourcecode.swift; path = UIApplicationExtension.swift; sourceTree = "<group>"; };
		F0E1A4ED26820C99003BFE20 /* AddDreamView.swift */ = {isa = PBXFileReference; lastKnownFileType = sourcecode.swift; path = AddDreamView.swift; sourceTree = "<group>"; };
		F0F3E769262DD2E800A9C085 /* RegisterView.swift */ = {isa = PBXFileReference; lastKnownFileType = sourcecode.swift; path = RegisterView.swift; sourceTree = "<group>"; };
		F0F9C93326837BBA009B8FB4 /* DreamRepository.swift */ = {isa = PBXFileReference; lastKnownFileType = sourcecode.swift; path = DreamRepository.swift; sourceTree = "<group>"; };
/* End PBXFileReference section */

/* Begin PBXFrameworksBuildPhase section */
		F09AFE1B26281A95002F111D /* Frameworks */ = {
			isa = PBXFrameworksBuildPhase;
			buildActionMask = 2147483647;
			files = (
				F0F9C9322683773E009B8FB4 /* FirebaseFirestoreSwift-Beta in Frameworks */,
				F0F9C92E2683773E009B8FB4 /* FirebaseAuth in Frameworks */,
				F0F9C9302683773E009B8FB4 /* FirebaseFirestore in Frameworks */,
			);
			runOnlyForDeploymentPostprocessing = 0;
		};
/* End PBXFrameworksBuildPhase section */

/* Begin PBXGroup section */
		F041F48D2691BC5F00455881 /* Extensions */ = {
			isa = PBXGroup;
			children = (
				F041F48E2691BC9D00455881 /* ColorExtension.swift */,
				F0D5057E269224ED00DB002B /* UIApplicationExtension.swift */,
			);
			path = Extensions;
			sourceTree = "<group>";
		};
		F09AFE1526281A95002F111D = {
			isa = PBXGroup;
			children = (
				F09AFE2026281A95002F111D /* DreamCatcher */,
				F09AFE1F26281A95002F111D /* Products */,
			);
			sourceTree = "<group>";
		};
		F09AFE1F26281A95002F111D /* Products */ = {
			isa = PBXGroup;
			children = (
				F09AFE1E26281A95002F111D /* DreamCatcher.app */,
			);
			name = Products;
			sourceTree = "<group>";
		};
		F09AFE2026281A95002F111D /* DreamCatcher */ = {
			isa = PBXGroup;
			children = (
				F041F48D2691BC5F00455881 /* Extensions */,
				F0BFCF2226833EF300B6CF72 /* ViewModels */,
				F0BFCF1F2683279400B6CF72 /* Models */,
				F09AFE2126281A95002F111D /* AppDelegate.swift */,
				F09AFE2326281A95002F111D /* SceneDelegate.swift */,
				F0F3E768262DD2BE00A9C085 /* Views */,
				F09AFE2726281A96002F111D /* Assets.xcassets */,
				F09AFE2C26281A96002F111D /* LaunchScreen.storyboard */,
				F09AFE2F26281A96002F111D /* Info.plist */,
				F0BFCF27268355BD00B6CF72 /* GoogleService-Info.plist */,
				F09AFE2926281A96002F111D /* Preview Content */,
				F0F9C93326837BBA009B8FB4 /* DreamRepository.swift */,
				F05C69832699B9B3001AF91C /* Launch Screen.storyboard */,
			);
			path = DreamCatcher;
			sourceTree = "<group>";
		};
		F09AFE2926281A96002F111D /* Preview Content */ = {
			isa = PBXGroup;
			children = (
				F09AFE2A26281A96002F111D /* Preview Assets.xcassets */,
			);
			path = "Preview Content";
			sourceTree = "<group>";
		};
		F0BFCF1F2683279400B6CF72 /* Models */ = {
			isa = PBXGroup;
			children = (
				F0BFCF20268327BA00B6CF72 /* DreamModel.swift */,
			);
			path = Models;
			sourceTree = "<group>";
		};
		F0BFCF2226833EF300B6CF72 /* ViewModels */ = {
			isa = PBXGroup;
			children = (
				F0BFCF2326833F0D00B6CF72 /* DreamCellViewModel.swift */,
				F0BFCF25268340A400B6CF72 /* DreamListViewModel.swift */,
			);
			path = ViewModels;
			sourceTree = "<group>";
		};
		F0F3E768262DD2BE00A9C085 /* Views */ = {
			isa = PBXGroup;
			children = (
				F09AFE2526281A95002F111D /* LoginView.swift */,
				F0F3E769262DD2E800A9C085 /* RegisterView.swift */,
				F0623FCA2637554F007C068A /* MainTabView.swift */,
				F037825D2638478300779801 /* HomeView.swift */,
				F0070C1C2656469700626EFB /* BrowseView.swift */,
				F0070C1E265651A600626EFB /* SettingsView.swift */,
				F063BF12265ADC9000D9AD35 /* DreamView.swift */,
				F0E1A4ED26820C99003BFE20 /* AddDreamView.swift */,
				F08B45FA2693902C001133D7 /* FullDreamView.swift */,
			);
			path = Views;
			sourceTree = "<group>";
		};
/* End PBXGroup section */

/* Begin PBXNativeTarget section */
		F09AFE1D26281A95002F111D /* DreamCatcher */ = {
			isa = PBXNativeTarget;
			buildConfigurationList = F09AFE3226281A96002F111D /* Build configuration list for PBXNativeTarget "DreamCatcher" */;
			buildPhases = (
				F09AFE1A26281A95002F111D /* Sources */,
				F09AFE1B26281A95002F111D /* Frameworks */,
				F09AFE1C26281A95002F111D /* Resources */,
			);
			buildRules = (
			);
			dependencies = (
			);
			name = DreamCatcher;
			packageProductDependencies = (
				F0F9C92D2683773E009B8FB4 /* FirebaseAuth */,
				F0F9C92F2683773E009B8FB4 /* FirebaseFirestore */,
				F0F9C9312683773E009B8FB4 /* FirebaseFirestoreSwift-Beta */,
			);
			productName = DreamCatcher;
			productReference = F09AFE1E26281A95002F111D /* DreamCatcher.app */;
			productType = "com.apple.product-type.application";
		};
/* End PBXNativeTarget section */

/* Begin PBXProject section */
		F09AFE1626281A95002F111D /* Project object */ = {
			isa = PBXProject;
			attributes = {
				LastSwiftUpdateCheck = 1240;
				LastUpgradeCheck = 1240;
				TargetAttributes = {
					F09AFE1D26281A95002F111D = {
						CreatedOnToolsVersion = 12.4;
					};
				};
			};
			buildConfigurationList = F09AFE1926281A95002F111D /* Build configuration list for PBXProject "DreamCatcher" */;
			compatibilityVersion = "Xcode 9.3";
			developmentRegion = en;
			hasScannedForEncodings = 0;
			knownRegions = (
				en,
				Base,
			);
			mainGroup = F09AFE1526281A95002F111D;
			packageReferences = (
				F0F9C92C2683773E009B8FB4 /* XCRemoteSwiftPackageReference "firebase-ios-sdk" */,
			);
			productRefGroup = F09AFE1F26281A95002F111D /* Products */;
			projectDirPath = "";
			projectRoot = "";
			targets = (
				F09AFE1D26281A95002F111D /* DreamCatcher */,
			);
		};
/* End PBXProject section */

/* Begin PBXResourcesBuildPhase section */
		F09AFE1C26281A95002F111D /* Resources */ = {
			isa = PBXResourcesBuildPhase;
			buildActionMask = 2147483647;
			files = (
				F09AFE2E26281A96002F111D /* LaunchScreen.storyboard in Resources */,
				F0BFCF28268355BD00B6CF72 /* GoogleService-Info.plist in Resources */,
				F09AFE2B26281A96002F111D /* Preview Assets.xcassets in Resources */,
				F05C69842699B9B3001AF91C /* Launch Screen.storyboard in Resources */,
				F09AFE2826281A96002F111D /* Assets.xcassets in Resources */,
			);
			runOnlyForDeploymentPostprocessing = 0;
		};
/* End PBXResourcesBuildPhase section */

/* Begin PBXSourcesBuildPhase section */
		F09AFE1A26281A95002F111D /* Sources */ = {
			isa = PBXSourcesBuildPhase;
			buildActionMask = 2147483647;
			files = (
				F08B45FB2693902C001133D7 /* FullDreamView.swift in Sources */,
				F09AFE2226281A95002F111D /* AppDelegate.swift in Sources */,
				F0BFCF21268327BA00B6CF72 /* DreamModel.swift in Sources */,
				F0070C1F265651A600626EFB /* SettingsView.swift in Sources */,
				F0E1A4EE26820C99003BFE20 /* AddDreamView.swift in Sources */,
				F0F3E76A262DD2E800A9C085 /* RegisterView.swift in Sources */,
				F0070C1D2656469700626EFB /* BrowseView.swift in Sources */,
				F0D5057F269224ED00DB002B /* UIApplicationExtension.swift in Sources */,
				F063BF13265ADC9000D9AD35 /* DreamView.swift in Sources */,
				F09AFE2426281A95002F111D /* SceneDelegate.swift in Sources */,
				F0BFCF2426833F0D00B6CF72 /* DreamCellViewModel.swift in Sources */,
				F041F48F2691BC9D00455881 /* ColorExtension.swift in Sources */,
				F037825E2638478300779801 /* HomeView.swift in Sources */,
				F0BFCF26268340A400B6CF72 /* DreamListViewModel.swift in Sources */,
				F0F9C93426837BBA009B8FB4 /* DreamRepository.swift in Sources */,
				F0623FCB2637554F007C068A /* MainTabView.swift in Sources */,
				F09AFE2626281A95002F111D /* LoginView.swift in Sources */,
			);
			runOnlyForDeploymentPostprocessing = 0;
		};
/* End PBXSourcesBuildPhase section */

/* Begin PBXVariantGroup section */
		F09AFE2C26281A96002F111D /* LaunchScreen.storyboard */ = {
			isa = PBXVariantGroup;
			children = (
				F09AFE2D26281A96002F111D /* Base */,
			);
			name = LaunchScreen.storyboard;
			sourceTree = "<group>";
		};
/* End PBXVariantGroup section */

/* Begin XCBuildConfiguration section */
		F09AFE3026281A96002F111D /* Debug */ = {
			isa = XCBuildConfiguration;
			buildSettings = {
				ALWAYS_SEARCH_USER_PATHS = NO;
				CLANG_ANALYZER_NONNULL = YES;
				CLANG_ANALYZER_NUMBER_OBJECT_CONVERSION = YES_AGGRESSIVE;
				CLANG_CXX_LANGUAGE_STANDARD = "gnu++14";
				CLANG_CXX_LIBRARY = "libc++";
				CLANG_ENABLE_MODULES = YES;
				CLANG_ENABLE_OBJC_ARC = YES;
				CLANG_ENABLE_OBJC_WEAK = YES;
				CLANG_WARN_BLOCK_CAPTURE_AUTORELEASING = YES;
				CLANG_WARN_BOOL_CONVERSION = YES;
				CLANG_WARN_COMMA = YES;
				CLANG_WARN_CONSTANT_CONVERSION = YES;
				CLANG_WARN_DEPRECATED_OBJC_IMPLEMENTATIONS = YES;
				CLANG_WARN_DIRECT_OBJC_ISA_USAGE = YES_ERROR;
				CLANG_WARN_DOCUMENTATION_COMMENTS = YES;
				CLANG_WARN_EMPTY_BODY = YES;
				CLANG_WARN_ENUM_CONVERSION = YES;
				CLANG_WARN_INFINITE_RECURSION = YES;
				CLANG_WARN_INT_CONVERSION = YES;
				CLANG_WARN_NON_LITERAL_NULL_CONVERSION = YES;
				CLANG_WARN_OBJC_IMPLICIT_RETAIN_SELF = YES;
				CLANG_WARN_OBJC_LITERAL_CONVERSION = YES;
				CLANG_WARN_OBJC_ROOT_CLASS = YES_ERROR;
				CLANG_WARN_QUOTED_INCLUDE_IN_FRAMEWORK_HEADER = YES;
				CLANG_WARN_RANGE_LOOP_ANALYSIS = YES;
				CLANG_WARN_STRICT_PROTOTYPES = YES;
				CLANG_WARN_SUSPICIOUS_MOVE = YES;
				CLANG_WARN_UNGUARDED_AVAILABILITY = YES_AGGRESSIVE;
				CLANG_WARN_UNREACHABLE_CODE = YES;
				CLANG_WARN__DUPLICATE_METHOD_MATCH = YES;
				COPY_PHASE_STRIP = NO;
				DEBUG_INFORMATION_FORMAT = dwarf;
				ENABLE_STRICT_OBJC_MSGSEND = YES;
				ENABLE_TESTABILITY = YES;
				GCC_C_LANGUAGE_STANDARD = gnu11;
				GCC_DYNAMIC_NO_PIC = NO;
				GCC_NO_COMMON_BLOCKS = YES;
				GCC_OPTIMIZATION_LEVEL = 0;
				GCC_PREPROCESSOR_DEFINITIONS = (
					"DEBUG=1",
					"$(inherited)",
				);
				GCC_WARN_64_TO_32_BIT_CONVERSION = YES;
				GCC_WARN_ABOUT_RETURN_TYPE = YES_ERROR;
				GCC_WARN_UNDECLARED_SELECTOR = YES;
				GCC_WARN_UNINITIALIZED_AUTOS = YES_AGGRESSIVE;
				GCC_WARN_UNUSED_FUNCTION = YES;
				GCC_WARN_UNUSED_VARIABLE = YES;
				IPHONEOS_DEPLOYMENT_TARGET = 14.2;
				MTL_ENABLE_DEBUG_INFO = INCLUDE_SOURCE;
				MTL_FAST_MATH = YES;
				ONLY_ACTIVE_ARCH = YES;
				SDKROOT = iphoneos;
				SWIFT_ACTIVE_COMPILATION_CONDITIONS = DEBUG;
				SWIFT_OPTIMIZATION_LEVEL = "-Onone";
			};
			name = Debug;
		};
		F09AFE3126281A96002F111D /* Release */ = {
			isa = XCBuildConfiguration;
			buildSettings = {
				ALWAYS_SEARCH_USER_PATHS = NO;
				CLANG_ANALYZER_NONNULL = YES;
				CLANG_ANALYZER_NUMBER_OBJECT_CONVERSION = YES_AGGRESSIVE;
				CLANG_CXX_LANGUAGE_STANDARD = "gnu++14";
				CLANG_CXX_LIBRARY = "libc++";
				CLANG_ENABLE_MODULES = YES;
				CLANG_ENABLE_OBJC_ARC = YES;
				CLANG_ENABLE_OBJC_WEAK = YES;
				CLANG_WARN_BLOCK_CAPTURE_AUTORELEASING = YES;
				CLANG_WARN_BOOL_CONVERSION = YES;
				CLANG_WARN_COMMA = YES;
				CLANG_WARN_CONSTANT_CONVERSION = YES;
				CLANG_WARN_DEPRECATED_OBJC_IMPLEMENTATIONS = YES;
				CLANG_WARN_DIRECT_OBJC_ISA_USAGE = YES_ERROR;
				CLANG_WARN_DOCUMENTATION_COMMENTS = YES;
				CLANG_WARN_EMPTY_BODY = YES;
				CLANG_WARN_ENUM_CONVERSION = YES;
				CLANG_WARN_INFINITE_RECURSION = YES;
				CLANG_WARN_INT_CONVERSION = YES;
				CLANG_WARN_NON_LITERAL_NULL_CONVERSION = YES;
				CLANG_WARN_OBJC_IMPLICIT_RETAIN_SELF = YES;
				CLANG_WARN_OBJC_LITERAL_CONVERSION = YES;
				CLANG_WARN_OBJC_ROOT_CLASS = YES_ERROR;
				CLANG_WARN_QUOTED_INCLUDE_IN_FRAMEWORK_HEADER = YES;
				CLANG_WARN_RANGE_LOOP_ANALYSIS = YES;
				CLANG_WARN_STRICT_PROTOTYPES = YES;
				CLANG_WARN_SUSPICIOUS_MOVE = YES;
				CLANG_WARN_UNGUARDED_AVAILABILITY = YES_AGGRESSIVE;
				CLANG_WARN_UNREACHABLE_CODE = YES;
				CLANG_WARN__DUPLICATE_METHOD_MATCH = YES;
				COPY_PHASE_STRIP = NO;
				DEBUG_INFORMATION_FORMAT = "dwarf-with-dsym";
				ENABLE_NS_ASSERTIONS = NO;
				ENABLE_STRICT_OBJC_MSGSEND = YES;
				GCC_C_LANGUAGE_STANDARD = gnu11;
				GCC_NO_COMMON_BLOCKS = YES;
				GCC_WARN_64_TO_32_BIT_CONVERSION = YES;
				GCC_WARN_ABOUT_RETURN_TYPE = YES_ERROR;
				GCC_WARN_UNDECLARED_SELECTOR = YES;
				GCC_WARN_UNINITIALIZED_AUTOS = YES_AGGRESSIVE;
				GCC_WARN_UNUSED_FUNCTION = YES;
				GCC_WARN_UNUSED_VARIABLE = YES;
				IPHONEOS_DEPLOYMENT_TARGET = 14.2;
				MTL_ENABLE_DEBUG_INFO = NO;
				MTL_FAST_MATH = YES;
				SDKROOT = iphoneos;
				SWIFT_COMPILATION_MODE = wholemodule;
				SWIFT_OPTIMIZATION_LEVEL = "-O";
				VALIDATE_PRODUCT = YES;
			};
			name = Release;
		};
		F09AFE3326281A96002F111D /* Debug */ = {
			isa = XCBuildConfiguration;
			buildSettings = {
				ASSETCATALOG_COMPILER_APPICON_NAME = AppIcon;
				ASSETCATALOG_COMPILER_GLOBAL_ACCENT_COLOR_NAME = AccentColor;
				CODE_SIGN_STYLE = Automatic;
				DEVELOPMENT_ASSET_PATHS = "\"DreamCatcher/Preview Content\"";
				DEVELOPMENT_TEAM = MT8DUNJ5F3;
				ENABLE_PREVIEWS = YES;
				INFOPLIST_FILE = DreamCatcher/Info.plist;
				LD_RUNPATH_SEARCH_PATHS = (
					"$(inherited)",
					"@executable_path/Frameworks",
				);
				PRODUCT_BUNDLE_IDENTIFIER = MZawadzki.DreamCatcher;
				PRODUCT_NAME = "$(TARGET_NAME)";
				SWIFT_VERSION = 5.0;
				TARGETED_DEVICE_FAMILY = "1,2";
			};
			name = Debug;
		};
		F09AFE3426281A96002F111D /* Release */ = {
			isa = XCBuildConfiguration;
			buildSettings = {
				ASSETCATALOG_COMPILER_APPICON_NAME = AppIcon;
				ASSETCATALOG_COMPILER_GLOBAL_ACCENT_COLOR_NAME = AccentColor;
				CODE_SIGN_STYLE = Automatic;
				DEVELOPMENT_ASSET_PATHS = "\"DreamCatcher/Preview Content\"";
				DEVELOPMENT_TEAM = MT8DUNJ5F3;
				ENABLE_PREVIEWS = YES;
				INFOPLIST_FILE = DreamCatcher/Info.plist;
				LD_RUNPATH_SEARCH_PATHS = (
					"$(inherited)",
					"@executable_path/Frameworks",
				);
				PRODUCT_BUNDLE_IDENTIFIER = MZawadzki.DreamCatcher;
				PRODUCT_NAME = "$(TARGET_NAME)";
				SWIFT_VERSION = 5.0;
				TARGETED_DEVICE_FAMILY = "1,2";
			};
			name = Release;
		};
/* End XCBuildConfiguration section */

/* Begin XCConfigurationList section */
		F09AFE1926281A95002F111D /* Build configuration list for PBXProject "DreamCatcher" */ = {
			isa = XCConfigurationList;
			buildConfigurations = (
				F09AFE3026281A96002F111D /* Debug */,
				F09AFE3126281A96002F111D /* Release */,
			);
			defaultConfigurationIsVisible = 0;
			defaultConfigurationName = Release;
		};
		F09AFE3226281A96002F111D /* Build configuration list for PBXNativeTarget "DreamCatcher" */ = {
			isa = XCConfigurationList;
			buildConfigurations = (
				F09AFE3326281A96002F111D /* Debug */,
				F09AFE3426281A96002F111D /* Release */,
			);
			defaultConfigurationIsVisible = 0;
			defaultConfigurationName = Release;
		};
/* End XCConfigurationList section */

/* Begin XCRemoteSwiftPackageReference section */
		F0F9C92C2683773E009B8FB4 /* XCRemoteSwiftPackageReference "firebase-ios-sdk" */ = {
			isa = XCRemoteSwiftPackageReference;
			repositoryURL = "https://github.com/firebase/firebase-ios-sdk.git";
			requirement = {
				kind = upToNextMajorVersion;
				minimumVersion = 8.1.1;
			};
		};
/* End XCRemoteSwiftPackageReference section */

/* Begin XCSwiftPackageProductDependency section */
		F0F9C92D2683773E009B8FB4 /* FirebaseAuth */ = {
			isa = XCSwiftPackageProductDependency;
			package = F0F9C92C2683773E009B8FB4 /* XCRemoteSwiftPackageReference "firebase-ios-sdk" */;
			productName = FirebaseAuth;
		};
		F0F9C92F2683773E009B8FB4 /* FirebaseFirestore */ = {
			isa = XCSwiftPackageProductDependency;
			package = F0F9C92C2683773E009B8FB4 /* XCRemoteSwiftPackageReference "firebase-ios-sdk" */;
			productName = FirebaseFirestore;
		};
		F0F9C9312683773E009B8FB4 /* FirebaseFirestoreSwift-Beta */ = {
			isa = XCSwiftPackageProductDependency;
			package = F0F9C92C2683773E009B8FB4 /* XCRemoteSwiftPackageReference "firebase-ios-sdk" */;
			productName = "FirebaseFirestoreSwift-Beta";
		};
/* End XCSwiftPackageProductDependency section */
	};
	rootObject = F09AFE1626281A95002F111D /* Project object */;
}
